// !$*UTF8*$!
{
	archiveVersion = 1;
	classes = {
	};
	objectVersion = 46;
	objects = {

/* Begin PBXBuildFile section */
		84DC23DA1DA9DF5A00E161C9 /* main.cpp in Sources */ = {isa = PBXBuildFile; fileRef = 84DC23D91DA9DF5A00E161C9 /* main.cpp */; };
		84DC23E41DA9E1D200E161C9 /* make_board.cpp in Sources */ = {isa = PBXBuildFile; fileRef = 84DC23E21DA9E1D200E161C9 /* make_board.cpp */; };
		84DC23E71DAAF44000E161C9 /* Player.cpp in Sources */ = {isa = PBXBuildFile; fileRef = 84DC23E51DAAF44000E161C9 /* Player.cpp */; };
/* End PBXBuildFile section */

/* Begin PBXCopyFilesBuildPhase section */
		84DC23D41DA9DF5A00E161C9 /* CopyFiles */ = {
			isa = PBXCopyFilesBuildPhase;
			buildActionMask = 2147483647;
			dstPath = /usr/share/man/man1/;
			dstSubfolderSpec = 0;
			files = (
			);
			runOnlyForDeploymentPostprocessing = 1;
		};
/* End PBXCopyFilesBuildPhase section */

/* Begin PBXFileReference section */
		84DC23D61DA9DF5A00E161C9 /* tic_tac_toe */ = {isa = PBXFileReference; explicitFileType = "compiled.mach-o.executable"; includeInIndex = 0; path = tic_tac_toe; sourceTree = BUILT_PRODUCTS_DIR; };
		84DC23D91DA9DF5A00E161C9 /* main.cpp */ = {isa = PBXFileReference; lastKnownFileType = sourcecode.cpp.cpp; path = main.cpp; sourceTree = "<group>"; };
		84DC23E21DA9E1D200E161C9 /* make_board.cpp */ = {isa = PBXFileReference; fileEncoding = 4; lastKnownFileType = sourcecode.cpp.cpp; path = make_board.cpp; sourceTree = "<group>"; };
		84DC23E31DA9E1D200E161C9 /* make_board.hpp */ = {isa = PBXFileReference; fileEncoding = 4; lastKnownFileType = sourcecode.cpp.h; path = make_board.hpp; sourceTree = "<group>"; };
		84DC23E51DAAF44000E161C9 /* Player.cpp */ = {isa = PBXFileReference; fileEncoding = 4; lastKnownFileType = sourcecode.cpp.cpp; path = Player.cpp; sourceTree = "<group>"; };
		84DC23E61DAAF44000E161C9 /* Player.hpp */ = {isa = PBXFileReference; fileEncoding = 4; lastKnownFileType = sourcecode.cpp.h; path = Player.hpp; sourceTree = "<group>"; };
/* End PBXFileReference section */

/* Begin PBXFrameworksBuildPhase section */
		84DC23D31DA9DF5A00E161C9 /* Frameworks */ = {
			isa = PBXFrameworksBuildPhase;
			buildActionMask = 2147483647;
			files = (
			);
			runOnlyForDeploymentPostprocessing = 0;
		};
/* End PBXFrameworksBuildPhase section */

/* Begin PBXGroup section */
		84DC23CD1DA9DF5A00E161C9 = {
			isa = PBXGroup;
			children = (
				84DC23D81DA9DF5A00E161C9 /* tic_tac_toe */,
				84DC23D71DA9DF5A00E161C9 /* Products */,
			);
			sourceTree = "<group>";
		};
		84DC23D71DA9DF5A00E161C9 /* Products */ = {
			isa = PBXGroup;
			children = (
				84DC23D61DA9DF5A00E161C9 /* tic_tac_toe */,
			);
			name = Products;
			sourceTree = "<group>";
		};
		84DC23D81DA9DF5A00E161C9 /* tic_tac_toe */ = {
			isa = PBXGroup;
			children = (
				84DC23D91DA9DF5A00E161C9 /* main.cpp */,
				84DC23E21DA9E1D200E161C9 /* make_board.cpp */,
				84DC23E31DA9E1D200E161C9 /* make_board.hpp */,
				84DC23E51DAAF44000E161C9 /* Player.cpp */,
				84DC23E61DAAF44000E161C9 /* Player.hpp */,
			);
			path = tic_tac_toe;
			sourceTree = "<group>";
		};
/* End PBXGroup section */

/* Begin PBXNativeTarget section */
		84DC23D51DA9DF5A00E161C9 /* tic_tac_toe */ = {
			isa = PBXNativeTarget;
			buildConfigurationList = 84DC23DD1DA9DF5A00E161C9 /* Build configuration list for PBXNativeTarget "tic_tac_toe" */;
			buildPhases = (
				84DC23D21DA9DF5A00E161C9 /* Sources */,
				84DC23D31DA9DF5A00E161C9 /* Frameworks */,
				84DC23D41DA9DF5A00E161C9 /* CopyFiles */,
			);
			buildRules = (
			);
			dependencies = (
			);
			name = tic_tac_toe;
			productName = tic_tac_toe;
			productReference = 84DC23D61DA9DF5A00E161C9 /* tic_tac_toe */;
			productType = "com.apple.product-type.tool";
		};
/* End PBXNativeTarget section */

/* Begin PBXProject section */
		84DC23CE1DA9DF5A00E161C9 /* Project object */ = {
			isa = PBXProject;
			attributes = {
				LastUpgradeCheck = 0730;
				ORGANIZATIONNAME = "Tyree Stevenson";
				TargetAttributes = {
					84DC23D51DA9DF5A00E161C9 = {
						CreatedOnToolsVersion = 7.3;
					};
				};
			};
			buildConfigurationList = 84DC23D11DA9DF5A00E161C9 /* Build configuration list for PBXProject "tic_tac_toe" */;
			compatibilityVersion = "Xcode 3.2";
			developmentRegion = English;
			hasScannedForEncodings = 0;
			knownRegions = (
				en,
			);
			mainGroup = 84DC23CD1DA9DF5A00E161C9;
			productRefGroup = 84DC23D71DA9DF5A00E161C9 /* Products */;
			projectDirPath = "";
			projectRoot = "";
			targets = (
				84DC23D51DA9DF5A00E161C9 /* tic_tac_toe */,
			);
		};
/* End PBXProject section */

/* Begin PBXSourcesBuildPhase section */
		84DC23D21DA9DF5A00E161C9 /* Sources */ = {
			isa = PBXSourcesBuildPhase;
			buildActionMask = 2147483647;
			files = (
				84DC23E41DA9E1D200E161C9 /* make_board.cpp in Sources */,
				84DC23DA1DA9DF5A00E161C9 /* main.cpp in Sources */,
				84DC23E71DAAF44000E161C9 /* Player.cpp in Sources */,
			);
			runOnlyForDeploymentPostprocessing = 0;
		};
/* End PBXSourcesBuildPhase section */

/* Begin XCBuildConfiguration section */
		84DC23DB1DA9DF5A00E161C9 /* Debug */ = {
			isa = XCBuildConfiguration;
			buildSettings = {
				ALWAYS_SEARCH_USER_PATHS = NO;
				CLANG_ANALYZER_NONNULL = YES;
				CLANG_CXX_LANGUAGE_STANDARD = "gnu++0x";
				CLANG_CXX_LIBRARY = "libc++";
				CLANG_ENABLE_MODULES = YES;
				CLANG_ENABLE_OBJC_ARC = YES;
				CLANG_WARN_BOOL_CONVERSION = YES;
				CLANG_WARN_CONSTANT_CONVERSION = YES;
				CLANG_WARN_DIRECT_OBJC_ISA_USAGE = YES_ERROR;
				CLANG_WARN_EMPTY_BODY = YES;
				CLANG_WARN_ENUM_CONVERSION = YES;
				CLANG_WARN_INT_CONVERSION = YES;
				CLANG_WARN_OBJC_ROOT_CLASS = YES_ERROR;
				CLANG_WARN_UNREACHABLE_CODE = YES;
				CLANG_WARN__DUPLICATE_METHOD_MATCH = YES;
				CODE_SIGN_IDENTITY = "-";
				COPY_PHASE_STRIP = NO;
				DEBUG_INFORMATION_FORMAT = dwarf;
				ENABLE_STRICT_OBJC_MSGSEND = YES;
				ENABLE_TESTABILITY = YES;
				GCC_C_LANGUAGE_STANDARD = gnu99;
				GCC_DYNAMIC_NO_PIC = NO;
				GCC_NO_COMMON_BLOCKS = YES;
				GCC_OPTIMIZATION_LEVEL = 0;
				GCC_PREPROCESSOR_DEFINITIONS = (
					"DEBUG=1",
					"$(inherited)",
				);
				GCC_WARN_64_TO_32_BIT_CONVERSION = YES;
				GCC_WARN_ABOUT_RETURN_TYPE = YES_ERROR;
				GCC_WARN_UNDECLARED_SELECTOR = YES;
				GCC_WARN_UNINITIALIZED_AUTOS = YES_AGGRESSIVE;
				GCC_WARN_UNUSED_FUNCTION = YES;
				GCC_WARN_UNUSED_VARIABLE = YES;
				MACOSX_DEPLOYMENT_TARGET = 10.11;
				MTL_ENABLE_DEBUG_INFO = YES;
				ONLY_ACTIVE_ARCH = YES;
				SDKROOT = macosx;
			};
			name = Debug;
		};
		84DC23DC1DA9DF5A00E161C9 /* Release */ = {
			isa = XCBuildConfiguration;
			buildSettings = {
				ALWAYS_SEARCH_USER_PATHS = NO;
				CLANG_ANALYZER_NONNULL = YES;
				CLANG_CXX_LANGUAGE_STANDARD = "gnu++0x";
				CLANG_CXX_LIBRARY = "libc++";
				CLANG_ENABLE_MODULES = YES;
				CLANG_ENABLE_OBJC_ARC = YES;
				CLANG_WARN_BOOL_CONVERSION = YES;
				CLANG_WARN_CONSTANT_CONVERSION = YES;
				CLANG_WARN_DIRECT_OBJC_ISA_USAGE = YES_ERROR;
				CLANG_WARN_EMPTY_BODY = YES;
				CLANG_WARN_ENUM_CONVERSION = YES;
				CLANG_WARN_INT_CONVERSION = YES;
				CLANG_WARN_OBJC_ROOT_CLASS = YES_ERROR;
				CLANG_WARN_UNREACHABLE_CODE = YES;
				CLANG_WARN__DUPLICATE_METHOD_MATCH = YES;
				CODE_SIGN_IDENTITY = "-";
				COPY_PHASE_STRIP = NO;
				DEBUG_INFORMATION_FORMAT = "dwarf-with-dsym";
				ENABLE_NS_ASSERTIONS = NO;
				ENABLE_STRICT_OBJC_MSGSEND = YES;
				GCC_C_LANGUAGE_STANDARD = gnu99;
				GCC_NO_COMMON_BLOCKS = YES;
				GCC_WARN_64_TO_32_BIT_CONVERSION = YES;
				GCC_WARN_ABOUT_RETURN_TYPE = YES_ERROR;
				GCC_WARN_UNDECLARED_SELECTOR = YES;
				GCC_WARN_UNINITIALIZED_AUTOS = YES_AGGRESSIVE;
				GCC_WARN_UNUSED_FUNCTION = YES;
				GCC_WARN_UNUSED_VARIABLE = YES;
				MACOSX_DEPLOYMENT_TARGET = 10.11;
				MTL_ENABLE_DEBUG_INFO = NO;
				SDKROOT = macosx;
			};
			name = Release;
		};
		84DC23DE1DA9DF5A00E161C9 /* Debug */ = {
			isa = XCBuildConfiguration;
			buildSettings = {
				PRODUCT_NAME = "$(TARGET_NAME)";
			};
			name = Debug;
		};
		84DC23DF1DA9DF5A00E161C9 /* Release */ = {
			isa = XCBuildConfiguration;
			buildSettings = {
				PRODUCT_NAME = "$(TARGET_NAME)";
			};
			name = Release;
		};
/* End XCBuildConfiguration section */

/* Begin XCConfigurationList section */
		84DC23D11DA9DF5A00E161C9 /* Build configuration list for PBXProject "tic_tac_toe" */ = {
			isa = XCConfigurationList;
			buildConfigurations = (
				84DC23DB1DA9DF5A00E161C9 /* Debug */,
				84DC23DC1DA9DF5A00E161C9 /* Release */,
			);
			defaultConfigurationIsVisible = 0;
			defaultConfigurationName = Release;
		};
		84DC23DD1DA9DF5A00E161C9 /* Build configuration list for PBXNativeTarget "tic_tac_toe" */ = {
			isa = XCConfigurationList;
			buildConfigurations = (
				84DC23DE1DA9DF5A00E161C9 /* Debug */,
				84DC23DF1DA9DF5A00E161C9 /* Release */,
			);
			defaultConfigurationIsVisible = 0;
			defaultConfigurationName = Release;
		};
/* End XCConfigurationList section */
	};
	rootObject = 84DC23CE1DA9DF5A00E161C9 /* Project object */;
}
